
Microsoft Visual Studio Solution File, Format Version 12.00
# Visual Studio Version 17
VisualStudioVersion = 17.9.34622.214
MinimumVisualStudioVersion = 10.0.40219.1
Project("{FAE04EC0-301F-11D3-BF4B-00C04F79EFBC}") = "Restoran_MK", "Restoran_MK\Restoran_MK.csproj", "{5676E384-0980-4A4E-8DAC-65AE67AA0C89}"
EndProject
Global
	GlobalSection(SolutionConfigurationPlatforms) = preSolution
		Debug|Any CPU = Debug|Any CPU
		Release|Any CPU = Release|Any CPU
	EndGlobalSection
	GlobalSection(ProjectConfigurationPlatforms) = postSolution
		{5676E384-0980-4A4E-8DAC-65AE67AA0C89}.Debug|Any CPU.ActiveCfg = Debug|Any CPU
		{5676E384-0980-4A4E-8DAC-65AE67AA0C89}.Debug|Any CPU.Build.0 = Debug|Any CPU
		{5676E384-0980-4A4E-8DAC-65AE67AA0C89}.Release|Any CPU.ActiveCfg = Release|Any CPU
		{5676E384-0980-4A4E-8DAC-65AE67AA0C89}.Release|Any CPU.Build.0 = Release|Any CPU
	EndGlobalSection
	GlobalSection(SolutionProperties) = preSolution
		HideSolutionNode = FALSE
	EndGlobalSection
	GlobalSection(ExtensibilityGlobals) = postSolution
		SolutionGuid = {25B7CC22-44BC-496F-813E-C171BFFBB6B0}
	EndGlobalSection
EndGlobal
